
Microsoft Visual Studio Solution File, Format Version 12.00
# Visual Studio 2015
Project("{FAE04EC0-301F-11D3-BF4B-00C04F79EFBC}") = "EspiFutureGame", "EspiFutureGame.csproj", "{934DE916-9EFF-8FF1-E46B-286D590C94DF}"
EndProject
Project("{FAE04EC0-301F-11D3-BF4B-00C04F79EFBC}") = "EspiFutureGame.Editor", "EspiFutureGame.Editor.csproj", "{F1679DD6-8FA7-0C34-70DB-DD43DA3D6AF7}"
EndProject
Global
	GlobalSection(SolutionConfigurationPlatforms) = preSolution
		Debug|Any CPU = Debug|Any CPU
		Release|Any CPU = Release|Any CPU
	EndGlobalSection
	GlobalSection(ProjectConfigurationPlatforms) = postSolution
		{934DE916-9EFF-8FF1-E46B-286D590C94DF}.Debug|Any CPU.ActiveCfg = Debug|Any CPU
		{934DE916-9EFF-8FF1-E46B-286D590C94DF}.Debug|Any CPU.Build.0 = Debug|Any CPU
		{934DE916-9EFF-8FF1-E46B-286D590C94DF}.Release|Any CPU.ActiveCfg = Release|Any CPU
		{934DE916-9EFF-8FF1-E46B-286D590C94DF}.Release|Any CPU.Build.0 = Release|Any CPU
		{F1679DD6-8FA7-0C34-70DB-DD43DA3D6AF7}.Debug|Any CPU.ActiveCfg = Debug|Any CPU
		{F1679DD6-8FA7-0C34-70DB-DD43DA3D6AF7}.Debug|Any CPU.Build.0 = Debug|Any CPU
		{F1679DD6-8FA7-0C34-70DB-DD43DA3D6AF7}.Release|Any CPU.ActiveCfg = Release|Any CPU
		{F1679DD6-8FA7-0C34-70DB-DD43DA3D6AF7}.Release|Any CPU.Build.0 = Release|Any CPU
	EndGlobalSection
	GlobalSection(SolutionProperties) = preSolution
		HideSolutionNode = FALSE
	EndGlobalSection
EndGlobal
