
Microsoft Visual Studio Solution File, Format Version 12.00
# Visual Studio 2017
Project("{FAE04EC0-301F-11D3-BF4B-00C04F79EFBC}") = "RetrofutureGame", "RetrofutureGame.csproj", "{9E25AE52-17E6-0E68-361F-D080925221A6}"
EndProject
Project("{FAE04EC0-301F-11D3-BF4B-00C04F79EFBC}") = "RetrofutureGame.Editor", "RetrofutureGame.Editor.csproj", "{1EC8EAC4-E501-A39D-3EFB-67482DB2BDAE}"
EndProject
Global
	GlobalSection(SolutionConfigurationPlatforms) = preSolution
		Debug|Any CPU = Debug|Any CPU
		Release|Any CPU = Release|Any CPU
	EndGlobalSection
	GlobalSection(ProjectConfigurationPlatforms) = postSolution
		{9E25AE52-17E6-0E68-361F-D080925221A6}.Debug|Any CPU.ActiveCfg = Debug|Any CPU
		{9E25AE52-17E6-0E68-361F-D080925221A6}.Debug|Any CPU.Build.0 = Debug|Any CPU
		{9E25AE52-17E6-0E68-361F-D080925221A6}.Release|Any CPU.ActiveCfg = Release|Any CPU
		{9E25AE52-17E6-0E68-361F-D080925221A6}.Release|Any CPU.Build.0 = Release|Any CPU
		{1EC8EAC4-E501-A39D-3EFB-67482DB2BDAE}.Debug|Any CPU.ActiveCfg = Debug|Any CPU
		{1EC8EAC4-E501-A39D-3EFB-67482DB2BDAE}.Debug|Any CPU.Build.0 = Debug|Any CPU
		{1EC8EAC4-E501-A39D-3EFB-67482DB2BDAE}.Release|Any CPU.ActiveCfg = Release|Any CPU
		{1EC8EAC4-E501-A39D-3EFB-67482DB2BDAE}.Release|Any CPU.Build.0 = Release|Any CPU
	EndGlobalSection
	GlobalSection(SolutionProperties) = preSolution
		HideSolutionNode = FALSE
	EndGlobalSection
EndGlobal
