
Microsoft Visual Studio Solution File, Format Version 12.00
# Visual Studio 2017
Project("{FAE04EC0-301F-11D3-BF4B-00C04F79EFBC}") = "RetroFutureGame", "RetroFutureGame.csproj", "{3AD2D19B-0F25-9752-B587-447F67DB0CFA}"
EndProject
Project("{FAE04EC0-301F-11D3-BF4B-00C04F79EFBC}") = "RetroFutureGame.Editor", "RetroFutureGame.Editor.csproj", "{391573D8-7D43-B836-1C89-38EE31DDCBDA}"
EndProject
Global
	GlobalSection(SolutionConfigurationPlatforms) = preSolution
		Debug|Any CPU = Debug|Any CPU
		Release|Any CPU = Release|Any CPU
	EndGlobalSection
	GlobalSection(ProjectConfigurationPlatforms) = postSolution
		{3AD2D19B-0F25-9752-B587-447F67DB0CFA}.Debug|Any CPU.ActiveCfg = Debug|Any CPU
		{3AD2D19B-0F25-9752-B587-447F67DB0CFA}.Debug|Any CPU.Build.0 = Debug|Any CPU
		{3AD2D19B-0F25-9752-B587-447F67DB0CFA}.Release|Any CPU.ActiveCfg = Release|Any CPU
		{3AD2D19B-0F25-9752-B587-447F67DB0CFA}.Release|Any CPU.Build.0 = Release|Any CPU
		{391573D8-7D43-B836-1C89-38EE31DDCBDA}.Debug|Any CPU.ActiveCfg = Debug|Any CPU
		{391573D8-7D43-B836-1C89-38EE31DDCBDA}.Debug|Any CPU.Build.0 = Debug|Any CPU
		{391573D8-7D43-B836-1C89-38EE31DDCBDA}.Release|Any CPU.ActiveCfg = Release|Any CPU
		{391573D8-7D43-B836-1C89-38EE31DDCBDA}.Release|Any CPU.Build.0 = Release|Any CPU
	EndGlobalSection
	GlobalSection(SolutionProperties) = preSolution
		HideSolutionNode = FALSE
	EndGlobalSection
EndGlobal
