
Microsoft Visual Studio Solution File, Format Version 11.00
# Visual Studio 2010
Project("{FAE04EC0-301F-11D3-BF4B-00C04F79EFBC}") = "RetroFutureGame", "Assembly-CSharp.csproj", "{3CBFC496-3BD9-0ED6-922C-A02C97138AD6}"
EndProject
Project("{FAE04EC0-301F-11D3-BF4B-00C04F79EFBC}") = "RetroFutureGame", "Assembly-CSharp-Editor.csproj", "{70AFECE5-41DD-9F6A-0985-8C2281DA0E8D}"
EndProject
Project("{FAE04EC0-301F-11D3-BF4B-00C04F79EFBC}") = "RetroFutureGame", "Assembly-UnityScript-Editor.unityproj", "{F529F29E-33D4-5D3B-E2C8-EB85387B2E38}"
EndProject
Global
	GlobalSection(SolutionConfigurationPlatforms) = preSolution
		Debug|Any CPU = Debug|Any CPU
		Release|Any CPU = Release|Any CPU
	EndGlobalSection
	GlobalSection(ProjectConfigurationPlatforms) = postSolution
		{3CBFC496-3BD9-0ED6-922C-A02C97138AD6}.Debug|Any CPU.ActiveCfg = Debug|Any CPU
		{3CBFC496-3BD9-0ED6-922C-A02C97138AD6}.Debug|Any CPU.Build.0 = Debug|Any CPU
		{3CBFC496-3BD9-0ED6-922C-A02C97138AD6}.Release|Any CPU.ActiveCfg = Release|Any CPU
		{3CBFC496-3BD9-0ED6-922C-A02C97138AD6}.Release|Any CPU.Build.0 = Release|Any CPU
		{70AFECE5-41DD-9F6A-0985-8C2281DA0E8D}.Debug|Any CPU.ActiveCfg = Debug|Any CPU
		{70AFECE5-41DD-9F6A-0985-8C2281DA0E8D}.Debug|Any CPU.Build.0 = Debug|Any CPU
		{70AFECE5-41DD-9F6A-0985-8C2281DA0E8D}.Release|Any CPU.ActiveCfg = Release|Any CPU
		{70AFECE5-41DD-9F6A-0985-8C2281DA0E8D}.Release|Any CPU.Build.0 = Release|Any CPU
		{F529F29E-33D4-5D3B-E2C8-EB85387B2E38}.Debug|Any CPU.ActiveCfg = Debug|Any CPU
		{F529F29E-33D4-5D3B-E2C8-EB85387B2E38}.Debug|Any CPU.Build.0 = Debug|Any CPU
		{F529F29E-33D4-5D3B-E2C8-EB85387B2E38}.Release|Any CPU.ActiveCfg = Release|Any CPU
		{F529F29E-33D4-5D3B-E2C8-EB85387B2E38}.Release|Any CPU.Build.0 = Release|Any CPU
	EndGlobalSection
	GlobalSection(SolutionProperties) = preSolution
		HideSolutionNode = FALSE
	EndGlobalSection
	GlobalSection(MonoDevelopProperties) = preSolution
		StartupItem = Assembly-CSharp.csproj
	EndGlobalSection
EndGlobal
